# This file is autogenerated, do not edit; changes may be undone by the next 'dep ensure'.


[[projects]]
  name = "github.com/go-sql-driver/mysql"
  packages = ["."]
  revision = "d523deb1b23d913de5bdada721a6071e71283618"
  version = "v1.4.0"

[[projects]]
  branch = "master"
  name = "github.com/rmulley/go-fast-sql"
  packages = ["."]
  revision = "38f65a53402454e8f2d7ef4e0cede99d3b73a64a"

[[projects]]
  name = "google.golang.org/appengine"
  packages = ["cloudsql"]
  revision = "b1f26356af11148e710935ed1ac8a7f5702c7612"
  version = "v1.1.0"

[solve-meta]
  analyzer-name = "dep"
  analyzer-version = 1
  inputs-digest = "942eed2f8df0d05fde60dce703a30801850b777efa9fee5f8c47725ca7472001"
  solver-name = "gps-cdcl"
  solver-version = 1
